
Microsoft Visual Studio Solution File, Format Version 12.00
# Visual Studio Version 17
VisualStudioVersion = 17.3.32901.215
MinimumVisualStudioVersion = 10.0.40219.1
Project("{FAE04EC0-301F-11D3-BF4B-00C04F79EFBC}") = "If-Else", "If-Else\If-Else.csproj", "{6C1D558B-CB8A-4468-80C2-25057BAEC608}"
EndProject
Global
	GlobalSection(SolutionConfigurationPlatforms) = preSolution
		Debug|Any CPU = Debug|Any CPU
		Release|Any CPU = Release|Any CPU
	EndGlobalSection
	GlobalSection(ProjectConfigurationPlatforms) = postSolution
		{6C1D558B-CB8A-4468-80C2-25057BAEC608}.Debug|Any CPU.ActiveCfg = Debug|Any CPU
		{6C1D558B-CB8A-4468-80C2-25057BAEC608}.Debug|Any CPU.Build.0 = Debug|Any CPU
		{6C1D558B-CB8A-4468-80C2-25057BAEC608}.Release|Any CPU.ActiveCfg = Release|Any CPU
		{6C1D558B-CB8A-4468-80C2-25057BAEC608}.Release|Any CPU.Build.0 = Release|Any CPU
	EndGlobalSection
	GlobalSection(SolutionProperties) = preSolution
		HideSolutionNode = FALSE
	EndGlobalSection
	GlobalSection(ExtensibilityGlobals) = postSolution
		SolutionGuid = {65EBA25B-3551-4CC8-B6AC-AC13CB548159}
	EndGlobalSection
EndGlobal
